
Microsoft Visual Studio Solution File, Format Version 12.00
Project("{FAE04EC0-301F-11D3-BF4B-00C04F79EFBC}") = "Bright.Checkout", "Bright.Checkout\Bright.Checkout.csproj", "{DAD28763-F186-4157-BB21-0FE00A1DE4B4}"
EndProject
Project("{FAE04EC0-301F-11D3-BF4B-00C04F79EFBC}") = "Bright.Checkout.Tests", "Bright.Checkout.Tests\Bright.Checkout.Tests.csproj", "{DFC7D1D2-4022-4F02-A606-032527DDA0C2}"
EndProject
Global
	GlobalSection(SolutionConfigurationPlatforms) = preSolution
		Debug|Any CPU = Debug|Any CPU
		Release|Any CPU = Release|Any CPU
	EndGlobalSection
	GlobalSection(ProjectConfigurationPlatforms) = postSolution
		{DAD28763-F186-4157-BB21-0FE00A1DE4B4}.Debug|Any CPU.ActiveCfg = Debug|Any CPU
		{DAD28763-F186-4157-BB21-0FE00A1DE4B4}.Debug|Any CPU.Build.0 = Debug|Any CPU
		{DAD28763-F186-4157-BB21-0FE00A1DE4B4}.Release|Any CPU.ActiveCfg = Release|Any CPU
		{DAD28763-F186-4157-BB21-0FE00A1DE4B4}.Release|Any CPU.Build.0 = Release|Any CPU
		{DFC7D1D2-4022-4F02-A606-032527DDA0C2}.Debug|Any CPU.ActiveCfg = Debug|Any CPU
		{DFC7D1D2-4022-4F02-A606-032527DDA0C2}.Debug|Any CPU.Build.0 = Debug|Any CPU
		{DFC7D1D2-4022-4F02-A606-032527DDA0C2}.Release|Any CPU.ActiveCfg = Release|Any CPU
		{DFC7D1D2-4022-4F02-A606-032527DDA0C2}.Release|Any CPU.Build.0 = Release|Any CPU
	EndGlobalSection
EndGlobal
